Microsoft Visual Studio Solution File, Format Version 12.00
# Visual Studio Version 17
VisualStudioVersion = 17.5.2.0
MinimumVisualStudioVersion = 10.0.40219.1
Project("{FAE04EC0-301F-11D3-BF4B-00C04F79EFBC}") = "MyFirstReqnroll", "MyFirstReqnroll.csproj", "{D8F0F2AB-A9D6-E6D1-12EC-B876C31DDFF8}"
EndProject
Global
	GlobalSection(SolutionConfigurationPlatforms) = preSolution
		Debug|Any CPU = Debug|Any CPU
		Release|Any CPU = Release|Any CPU
	EndGlobalSection
	GlobalSection(ProjectConfigurationPlatforms) = postSolution
		{D8F0F2AB-A9D6-E6D1-12EC-B876C31DDFF8}.Debug|Any CPU.ActiveCfg = Debug|Any CPU
		{D8F0F2AB-A9D6-E6D1-12EC-B876C31DDFF8}.Debug|Any CPU.Build.0 = Debug|Any CPU
		{D8F0F2AB-A9D6-E6D1-12EC-B876C31DDFF8}.Release|Any CPU.ActiveCfg = Release|Any CPU
		{D8F0F2AB-A9D6-E6D1-12EC-B876C31DDFF8}.Release|Any CPU.Build.0 = Release|Any CPU
	EndGlobalSection
	GlobalSection(SolutionProperties) = preSolution
		HideSolutionNode = FALSE
	EndGlobalSection
	GlobalSection(ExtensibilityGlobals) = postSolution
		SolutionGuid = {5FC6F8BD-1711-41D2-AFCB-AEEF9039C9A6}
	EndGlobalSection
EndGlobal
